// !$*UTF8*$!
{
	archiveVersion = 1;
	classes = {
	};
	objectVersion = 46;
	objects = {

/* Begin PBXBuildFile section */
		8451ABB31BD1BBCA00911F3C /* main.c in Sources */ = {isa = PBXBuildFile; fileRef = 8451ABB21BD1BBCA00911F3C /* main.c */; };
		8451ABBC1BD295F600911F3C /* FileIO.c in Sources */ = {isa = PBXBuildFile; fileRef = 8451ABBA1BD295F600911F3C /* FileIO.c */; settings = {ASSET_TAGS = (); }; };
		8451ABBF1BD4583400911F3C /* Assembler.c in Sources */ = {isa = PBXBuildFile; fileRef = 8451ABBD1BD4583400911F3C /* Assembler.c */; settings = {ASSET_TAGS = (); }; };
		8451ABC21BD4F62200911F3C /* Buffer.c in Sources */ = {isa = PBXBuildFile; fileRef = 8451ABC01BD4F62200911F3C /* Buffer.c */; settings = {ASSET_TAGS = (); }; };
/* End PBXBuildFile section */

/* Begin PBXCopyFilesBuildPhase section */
		8451ABAD1BD1BBCA00911F3C /* CopyFiles */ = {
			isa = PBXCopyFilesBuildPhase;
			buildActionMask = 2147483647;
			dstPath = /usr/share/man/man1/;
			dstSubfolderSpec = 0;
			files = (
			);
			runOnlyForDeploymentPostprocessing = 1;
		};
/* End PBXCopyFilesBuildPhase section */

/* Begin PBXFileReference section */
		8451ABAF1BD1BBCA00911F3C /* Assembler */ = {isa = PBXFileReference; explicitFileType = "compiled.mach-o.executable"; includeInIndex = 0; path = Assembler; sourceTree = BUILT_PRODUCTS_DIR; };
		8451ABB21BD1BBCA00911F3C /* main.c */ = {isa = PBXFileReference; lastKnownFileType = sourcecode.c.c; path = main.c; sourceTree = "<group>"; };
		8451ABB91BD1BBE200911F3C /* test.txt */ = {isa = PBXFileReference; fileEncoding = 4; lastKnownFileType = text; path = test.txt; sourceTree = "<group>"; };
		8451ABBA1BD295F600911F3C /* FileIO.c */ = {isa = PBXFileReference; fileEncoding = 4; lastKnownFileType = sourcecode.c.c; path = FileIO.c; sourceTree = "<group>"; };
		8451ABBB1BD295F600911F3C /* FileIO.h */ = {isa = PBXFileReference; fileEncoding = 4; lastKnownFileType = sourcecode.c.h; path = FileIO.h; sourceTree = "<group>"; };
		8451ABBD1BD4583400911F3C /* Assembler.c */ = {isa = PBXFileReference; fileEncoding = 4; lastKnownFileType = sourcecode.c.c; path = Assembler.c; sourceTree = "<group>"; };
		8451ABBE1BD4583400911F3C /* Assembler.h */ = {isa = PBXFileReference; fileEncoding = 4; lastKnownFileType = sourcecode.c.h; path = Assembler.h; sourceTree = "<group>"; };
		8451ABC01BD4F62200911F3C /* Buffer.c */ = {isa = PBXFileReference; fileEncoding = 4; lastKnownFileType = sourcecode.c.c; path = Buffer.c; sourceTree = "<group>"; };
		8451ABC11BD4F62200911F3C /* Buffer.h */ = {isa = PBXFileReference; fileEncoding = 4; lastKnownFileType = sourcecode.c.h; path = Buffer.h; sourceTree = "<group>"; };
/* End PBXFileReference section */

/* Begin PBXFrameworksBuildPhase section */
		8451ABAC1BD1BBCA00911F3C /* Frameworks */ = {
			isa = PBXFrameworksBuildPhase;
			buildActionMask = 2147483647;
			files = (
			);
			runOnlyForDeploymentPostprocessing = 0;
		};
/* End PBXFrameworksBuildPhase section */

/* Begin PBXGroup section */
		8451ABA61BD1BBCA00911F3C = {
			isa = PBXGroup;
			children = (
				8451ABB11BD1BBCA00911F3C /* Assembler */,
				8451ABB01BD1BBCA00911F3C /* Products */,
			);
			sourceTree = "<group>";
		};
		8451ABB01BD1BBCA00911F3C /* Products */ = {
			isa = PBXGroup;
			children = (
				8451ABAF1BD1BBCA00911F3C /* Assembler */,
			);
			name = Products;
			sourceTree = "<group>";
		};
		8451ABB11BD1BBCA00911F3C /* Assembler */ = {
			isa = PBXGroup;
			children = (
				8451ABB21BD1BBCA00911F3C /* main.c */,
				8451ABB91BD1BBE200911F3C /* test.txt */,
				8451ABBA1BD295F600911F3C /* FileIO.c */,
				8451ABBB1BD295F600911F3C /* FileIO.h */,
				8451ABBD1BD4583400911F3C /* Assembler.c */,
				8451ABBE1BD4583400911F3C /* Assembler.h */,
				8451ABC01BD4F62200911F3C /* Buffer.c */,
				8451ABC11BD4F62200911F3C /* Buffer.h */,
			);
			path = Assembler;
			sourceTree = "<group>";
		};
/* End PBXGroup section */

/* Begin PBXNativeTarget section */
		8451ABAE1BD1BBCA00911F3C /* Assembler */ = {
			isa = PBXNativeTarget;
			buildConfigurationList = 8451ABB61BD1BBCA00911F3C /* Build configuration list for PBXNativeTarget "Assembler" */;
			buildPhases = (
				8451ABAB1BD1BBCA00911F3C /* Sources */,
				8451ABAC1BD1BBCA00911F3C /* Frameworks */,
				8451ABAD1BD1BBCA00911F3C /* CopyFiles */,
			);
			buildRules = (
			);
			dependencies = (
			);
			name = Assembler;
			productName = Assembler;
			productReference = 8451ABAF1BD1BBCA00911F3C /* Assembler */;
			productType = "com.apple.product-type.tool";
		};
/* End PBXNativeTarget section */

/* Begin PBXProject section */
		8451ABA71BD1BBCA00911F3C /* Project object */ = {
			isa = PBXProject;
			attributes = {
				LastUpgradeCheck = 0700;
				ORGANIZATIONNAME = HarrisonStatham;
				TargetAttributes = {
					8451ABAE1BD1BBCA00911F3C = {
						CreatedOnToolsVersion = 7.0.1;
					};
				};
			};
			buildConfigurationList = 8451ABAA1BD1BBCA00911F3C /* Build configuration list for PBXProject "Assembler" */;
			compatibilityVersion = "Xcode 3.2";
			developmentRegion = English;
			hasScannedForEncodings = 0;
			knownRegions = (
				en,
			);
			mainGroup = 8451ABA61BD1BBCA00911F3C;
			productRefGroup = 8451ABB01BD1BBCA00911F3C /* Products */;
			projectDirPath = "";
			projectRoot = "";
			targets = (
				8451ABAE1BD1BBCA00911F3C /* Assembler */,
			);
		};
/* End PBXProject section */

/* Begin PBXSourcesBuildPhase section */
		8451ABAB1BD1BBCA00911F3C /* Sources */ = {
			isa = PBXSourcesBuildPhase;
			buildActionMask = 2147483647;
			files = (
				8451ABBF1BD4583400911F3C /* Assembler.c in Sources */,
				8451ABB31BD1BBCA00911F3C /* main.c in Sources */,
				8451ABBC1BD295F600911F3C /* FileIO.c in Sources */,
				8451ABC21BD4F62200911F3C /* Buffer.c in Sources */,
			);
			runOnlyForDeploymentPostprocessing = 0;
		};
/* End PBXSourcesBuildPhase section */

/* Begin XCBuildConfiguration section */
		8451ABB41BD1BBCA00911F3C /* Debug */ = {
			isa = XCBuildConfiguration;
			buildSettings = {
				ALWAYS_SEARCH_USER_PATHS = NO;
				CLANG_CXX_LANGUAGE_STANDARD = "gnu++0x";
				CLANG_CXX_LIBRARY = "libc++";
				CLANG_ENABLE_MODULES = YES;
				CLANG_ENABLE_OBJC_ARC = YES;
				CLANG_WARN_BOOL_CONVERSION = YES;
				CLANG_WARN_CONSTANT_CONVERSION = YES;
				CLANG_WARN_DIRECT_OBJC_ISA_USAGE = YES_ERROR;
				CLANG_WARN_EMPTY_BODY = YES;
				CLANG_WARN_ENUM_CONVERSION = YES;
				CLANG_WARN_INT_CONVERSION = YES;
				CLANG_WARN_OBJC_ROOT_CLASS = YES_ERROR;
				CLANG_WARN_UNREACHABLE_CODE = YES;
				CLANG_WARN__DUPLICATE_METHOD_MATCH = YES;
				COPY_PHASE_STRIP = NO;
				DEBUG_INFORMATION_FORMAT = dwarf;
				ENABLE_STRICT_OBJC_MSGSEND = YES;
				ENABLE_TESTABILITY = YES;
				GCC_C_LANGUAGE_STANDARD = gnu99;
				GCC_DYNAMIC_NO_PIC = NO;
				GCC_NO_COMMON_BLOCKS = YES;
				GCC_OPTIMIZATION_LEVEL = 0;
				GCC_PREPROCESSOR_DEFINITIONS = (
					"DEBUG=1",
					"$(inherited)",
				);
				GCC_WARN_64_TO_32_BIT_CONVERSION = YES;
				GCC_WARN_ABOUT_RETURN_TYPE = YES_ERROR;
				GCC_WARN_UNDECLARED_SELECTOR = YES;
				GCC_WARN_UNINITIALIZED_AUTOS = YES_AGGRESSIVE;
				GCC_WARN_UNUSED_FUNCTION = YES;
				GCC_WARN_UNUSED_VARIABLE = YES;
				MACOSX_DEPLOYMENT_TARGET = 10.11;
				MTL_ENABLE_DEBUG_INFO = YES;
				ONLY_ACTIVE_ARCH = YES;
				SDKROOT = macosx;
			};
			name = Debug;
		};
		8451ABB51BD1BBCA00911F3C /* Release */ = {
			isa = XCBuildConfiguration;
			buildSettings = {
				ALWAYS_SEARCH_USER_PATHS = NO;
				CLANG_CXX_LANGUAGE_STANDARD = "gnu++0x";
				CLANG_CXX_LIBRARY = "libc++";
				CLANG_ENABLE_MODULES = YES;
				CLANG_ENABLE_OBJC_ARC = YES;
				CLANG_WARN_BOOL_CONVERSION = YES;
				CLANG_WARN_CONSTANT_CONVERSION = YES;
				CLANG_WARN_DIRECT_OBJC_ISA_USAGE = YES_ERROR;
				CLANG_WARN_EMPTY_BODY = YES;
				CLANG_WARN_ENUM_CONVERSION = YES;
				CLANG_WARN_INT_CONVERSION = YES;
				CLANG_WARN_OBJC_ROOT_CLASS = YES_ERROR;
				CLANG_WARN_UNREACHABLE_CODE = YES;
				CLANG_WARN__DUPLICATE_METHOD_MATCH = YES;
				COPY_PHASE_STRIP = NO;
				DEBUG_INFORMATION_FORMAT = "dwarf-with-dsym";
				ENABLE_NS_ASSERTIONS = NO;
				ENABLE_STRICT_OBJC_MSGSEND = YES;
				GCC_C_LANGUAGE_STANDARD = gnu99;
				GCC_NO_COMMON_BLOCKS = YES;
				GCC_WARN_64_TO_32_BIT_CONVERSION = YES;
				GCC_WARN_ABOUT_RETURN_TYPE = YES_ERROR;
				GCC_WARN_UNDECLARED_SELECTOR = YES;
				GCC_WARN_UNINITIALIZED_AUTOS = YES_AGGRESSIVE;
				GCC_WARN_UNUSED_FUNCTION = YES;
				GCC_WARN_UNUSED_VARIABLE = YES;
				MACOSX_DEPLOYMENT_TARGET = 10.11;
				MTL_ENABLE_DEBUG_INFO = NO;
				SDKROOT = macosx;
			};
			name = Release;
		};
		8451ABB71BD1BBCA00911F3C /* Debug */ = {
			isa = XCBuildConfiguration;
			buildSettings = {
				PRODUCT_NAME = "$(TARGET_NAME)";
			};
			name = Debug;
		};
		8451ABB81BD1BBCA00911F3C /* Release */ = {
			isa = XCBuildConfiguration;
			buildSettings = {
				PRODUCT_NAME = "$(TARGET_NAME)";
			};
			name = Release;
		};
/* End XCBuildConfiguration section */

/* Begin XCConfigurationList section */
		8451ABAA1BD1BBCA00911F3C /* Build configuration list for PBXProject "Assembler" */ = {
			isa = XCConfigurationList;
			buildConfigurations = (
				8451ABB41BD1BBCA00911F3C /* Debug */,
				8451ABB51BD1BBCA00911F3C /* Release */,
			);
			defaultConfigurationIsVisible = 0;
			defaultConfigurationName = Release;
		};
		8451ABB61BD1BBCA00911F3C /* Build configuration list for PBXNativeTarget "Assembler" */ = {
			isa = XCConfigurationList;
			buildConfigurations = (
				8451ABB71BD1BBCA00911F3C /* Debug */,
				8451ABB81BD1BBCA00911F3C /* Release */,
			);
			defaultConfigurationIsVisible = 0;
		};
/* End XCConfigurationList section */
	};
	rootObject = 8451ABA71BD1BBCA00911F3C /* Project object */;
}
